Microsoft Visual Studio Solution File, Format Version 12.00
# Visual Studio 15
VisualStudioVersion = 15.0.26730.8
MinimumVisualStudioVersion = 15.0.26124.0
Project("{2150E333-8FDC-42A3-9474-1A3956D46DE8}") = "src", "src", "{1CC8D59D-A90B-409C-91CB-592D23BD4F2D}"
EndProject
Project("{9A19103F-16F7-4668-BE54-9A1E7A4F7556}") = "VIC.ObjectConfig", "src\VIC.ObjectConfig\VIC.ObjectConfig.csproj", "{688E1ACE-252F-46B7-9986-14711CDA7123}"
EndProject
Project("{9A19103F-16F7-4668-BE54-9A1E7A4F7556}") = "VIC.DataAccess.Sqlite", "src\VIC.DataAccess.Sqlite\VIC.DataAccess.Sqlite.csproj", "{0E30F307-EF9D-4871-90EC-471EEF3C6FFC}"
EndProject
Project("{9A19103F-16F7-4668-BE54-9A1E7A4F7556}") = "VIC.DataAccess.PostgreSQL", "src\VIC.DataAccess.PostgreSQL\VIC.DataAccess.PostgreSQL.csproj", "{1DEEF5BB-BA69-458F-9BFE-A6E7E8EBB067}"
EndProject
Project("{9A19103F-16F7-4668-BE54-9A1E7A4F7556}") = "VIC.DataAccess.MySql", "src\VIC.DataAccess.MySql\VIC.DataAccess.MySql.csproj", "{D25404B7-535D-4BD4-BE98-E9E885CF3C94}"
EndProject
Project("{9A19103F-16F7-4668-BE54-9A1E7A4F7556}") = "VIC.DataAccess.MSSql", "src\VIC.DataAccess.MSSql\VIC.DataAccess.MSSql.csproj", "{5524D3BB-368F-4A94-BA54-D7153697A9B0}"
EndProject
Project("{9A19103F-16F7-4668-BE54-9A1E7A4F7556}") = "VIC.DataAccess.Config", "src\VIC.DataAccess.Config\VIC.DataAccess.Config.csproj", "{41442C85-AF4C-4FBD-8864-492573FB81CC}"
EndProject
Project("{2150E333-8FDC-42A3-9474-1A3956D46DE8}") = "test", "test", "{98DA4C96-105E-4061-97A5-EC1017862163}"
EndProject
Project("{9A19103F-16F7-4668-BE54-9A1E7A4F7556}") = "UT.VIC.DataAccess.Config", "test\UT.VIC.DataAccess.Config\UT.VIC.DataAccess.Config.csproj", "{A2C3CE03-CD8B-4328-9A56-65E8B7A2439B}"
EndProject
Project("{9A19103F-16F7-4668-BE54-9A1E7A4F7556}") = "UT.VIC.DataAccess.MSSql", "test\UT.VIC.DataAccess.MSSql\UT.VIC.DataAccess.MSSql.csproj", "{CEA8D25F-EDBA-4CE9-8D56-0781C0087326}"
EndProject
Project("{9A19103F-16F7-4668-BE54-9A1E7A4F7556}") = "UT.VIC.DataAccess", "test\UT.VIC.DataAccess\UT.VIC.DataAccess.csproj", "{4BD138EB-DB0F-48AE-8DC1-51E2B03E8DB6}"
EndProject
Project("{9A19103F-16F7-4668-BE54-9A1E7A4F7556}") = "UT.VIC.ObjectConfig", "test\UT.VIC.ObjectConfig\UT.VIC.ObjectConfig.csproj", "{99664BAC-01AD-4877-B7F8-2F6553AC6F06}"
EndProject
Project("{9A19103F-16F7-4668-BE54-9A1E7A4F7556}") = "VIC.DataAccess", "src\VIC.DataAccess\VIC.DataAccess.csproj", "{5A16B85F-1F01-4F4A-8FEE-4591469D8E0D}"
EndProject
Project("{9A19103F-16F7-4668-BE54-9A1E7A4F7556}") = "Vic.Data.Extensions", "src\Vic.Data.Extensions\Vic.Data.Extensions.csproj", "{07D2E098-5940-492B-BD9A-8234DF3061D9}"
EndProject
Project("{9A19103F-16F7-4668-BE54-9A1E7A4F7556}") = "Vic.Data.Extensions.Test", "test\Vic.Data.Extensions.Test\Vic.Data.Extensions.Test.csproj", "{67E8C947-A72C-4452-9E2C-831D5DA79A72}"
EndProject
Project("{9A19103F-16F7-4668-BE54-9A1E7A4F7556}") = "performance", "test\performance\performance.csproj", "{2C6376C6-39D2-4A58-A134-A61624A5E785}"
EndProject
Global
	GlobalSection(SolutionConfigurationPlatforms) = preSolution
		Debug|Any CPU = Debug|Any CPU
		Debug|x64 = Debug|x64
		Debug|x86 = Debug|x86
		Release|Any CPU = Release|Any CPU
		Release|x64 = Release|x64
		Release|x86 = Release|x86
	EndGlobalSection
	GlobalSection(ProjectConfigurationPlatforms) = postSolution
		{688E1ACE-252F-46B7-9986-14711CDA7123}.Debug|Any CPU.ActiveCfg = Debug|Any CPU
		{688E1ACE-252F-46B7-9986-14711CDA7123}.Debug|Any CPU.Build.0 = Debug|Any CPU
		{688E1ACE-252F-46B7-9986-14711CDA7123}.Debug|x64.ActiveCfg = Debug|Any CPU
		{688E1ACE-252F-46B7-9986-14711CDA7123}.Debug|x64.Build.0 = Debug|Any CPU
		{688E1ACE-252F-46B7-9986-14711CDA7123}.Debug|x86.ActiveCfg = Debug|Any CPU
		{688E1ACE-252F-46B7-9986-14711CDA7123}.Debug|x86.Build.0 = Debug|Any CPU
		{688E1ACE-252F-46B7-9986-14711CDA7123}.Release|Any CPU.ActiveCfg = Release|Any CPU
		{688E1ACE-252F-46B7-9986-14711CDA7123}.Release|Any CPU.Build.0 = Release|Any CPU
		{688E1ACE-252F-46B7-9986-14711CDA7123}.Release|x64.ActiveCfg = Release|Any CPU
		{688E1ACE-252F-46B7-9986-14711CDA7123}.Release|x64.Build.0 = Release|Any CPU
		{688E1ACE-252F-46B7-9986-14711CDA7123}.Release|x86.ActiveCfg = Release|Any CPU
		{688E1ACE-252F-46B7-9986-14711CDA7123}.Release|x86.Build.0 = Release|Any CPU
		{0E30F307-EF9D-4871-90EC-471EEF3C6FFC}.Debug|Any CPU.ActiveCfg = Debug|Any CPU
		{0E30F307-EF9D-4871-90EC-471EEF3C6FFC}.Debug|Any CPU.Build.0 = Debug|Any CPU
		{0E30F307-EF9D-4871-90EC-471EEF3C6FFC}.Debug|x64.ActiveCfg = Debug|Any CPU
		{0E30F307-EF9D-4871-90EC-471EEF3C6FFC}.Debug|x64.Build.0 = Debug|Any CPU
		{0E30F307-EF9D-4871-90EC-471EEF3C6FFC}.Debug|x86.ActiveCfg = Debug|Any CPU
		{0E30F307-EF9D-4871-90EC-471EEF3C6FFC}.Debug|x86.Build.0 = Debug|Any CPU
		{0E30F307-EF9D-4871-90EC-471EEF3C6FFC}.Release|Any CPU.ActiveCfg = Release|Any CPU
		{0E30F307-EF9D-4871-90EC-471EEF3C6FFC}.Release|Any CPU.Build.0 = Release|Any CPU
		{0E30F307-EF9D-4871-90EC-471EEF3C6FFC}.Release|x64.ActiveCfg = Release|Any CPU
		{0E30F307-EF9D-4871-90EC-471EEF3C6FFC}.Release|x64.Build.0 = Release|Any CPU
		{0E30F307-EF9D-4871-90EC-471EEF3C6FFC}.Release|x86.ActiveCfg = Release|Any CPU
		{0E30F307-EF9D-4871-90EC-471EEF3C6FFC}.Release|x86.Build.0 = Release|Any CPU
		{1DEEF5BB-BA69-458F-9BFE-A6E7E8EBB067}.Debug|Any CPU.ActiveCfg = Debug|Any CPU
		{1DEEF5BB-BA69-458F-9BFE-A6E7E8EBB067}.Debug|Any CPU.Build.0 = Debug|Any CPU
		{1DEEF5BB-BA69-458F-9BFE-A6E7E8EBB067}.Debug|x64.ActiveCfg = Debug|Any CPU
		{1DEEF5BB-BA69-458F-9BFE-A6E7E8EBB067}.Debug|x64.Build.0 = Debug|Any CPU
		{1DEEF5BB-BA69-458F-9BFE-A6E7E8EBB067}.Debug|x86.ActiveCfg = Debug|Any CPU
		{1DEEF5BB-BA69-458F-9BFE-A6E7E8EBB067}.Debug|x86.Build.0 = Debug|Any CPU
		{1DEEF5BB-BA69-458F-9BFE-A6E7E8EBB067}.Release|Any CPU.ActiveCfg = Release|Any CPU
		{1DEEF5BB-BA69-458F-9BFE-A6E7E8EBB067}.Release|Any CPU.Build.0 = Release|Any CPU
		{1DEEF5BB-BA69-458F-9BFE-A6E7E8EBB067}.Release|x64.ActiveCfg = Release|Any CPU
		{1DEEF5BB-BA69-458F-9BFE-A6E7E8EBB067}.Release|x64.Build.0 = Release|Any CPU
		{1DEEF5BB-BA69-458F-9BFE-A6E7E8EBB067}.Release|x86.ActiveCfg = Release|Any CPU
		{1DEEF5BB-BA69-458F-9BFE-A6E7E8EBB067}.Release|x86.Build.0 = Release|Any CPU
		{D25404B7-535D-4BD4-BE98-E9E885CF3C94}.Debug|Any CPU.ActiveCfg = Debug|Any CPU
		{D25404B7-535D-4BD4-BE98-E9E885CF3C94}.Debug|Any CPU.Build.0 = Debug|Any CPU
		{D25404B7-535D-4BD4-BE98-E9E885CF3C94}.Debug|x64.ActiveCfg = Debug|Any CPU
		{D25404B7-535D-4BD4-BE98-E9E885CF3C94}.Debug|x64.Build.0 = Debug|Any CPU
		{D25404B7-535D-4BD4-BE98-E9E885CF3C94}.Debug|x86.ActiveCfg = Debug|Any CPU
		{D25404B7-535D-4BD4-BE98-E9E885CF3C94}.Debug|x86.Build.0 = Debug|Any CPU
		{D25404B7-535D-4BD4-BE98-E9E885CF3C94}.Release|Any CPU.ActiveCfg = Release|Any CPU
		{D25404B7-535D-4BD4-BE98-E9E885CF3C94}.Release|Any CPU.Build.0 = Release|Any CPU
		{D25404B7-535D-4BD4-BE98-E9E885CF3C94}.Release|x64.ActiveCfg = Release|Any CPU
		{D25404B7-535D-4BD4-BE98-E9E885CF3C94}.Release|x64.Build.0 = Release|Any CPU
		{D25404B7-535D-4BD4-BE98-E9E885CF3C94}.Release|x86.ActiveCfg = Release|Any CPU
		{D25404B7-535D-4BD4-BE98-E9E885CF3C94}.Release|x86.Build.0 = Release|Any CPU
		{5524D3BB-368F-4A94-BA54-D7153697A9B0}.Debug|Any CPU.ActiveCfg = Debug|Any CPU
		{5524D3BB-368F-4A94-BA54-D7153697A9B0}.Debug|Any CPU.Build.0 = Debug|Any CPU
		{5524D3BB-368F-4A94-BA54-D7153697A9B0}.Debug|x64.ActiveCfg = Debug|Any CPU
		{5524D3BB-368F-4A94-BA54-D7153697A9B0}.Debug|x64.Build.0 = Debug|Any CPU
		{5524D3BB-368F-4A94-BA54-D7153697A9B0}.Debug|x86.ActiveCfg = Debug|Any CPU
		{5524D3BB-368F-4A94-BA54-D7153697A9B0}.Debug|x86.Build.0 = Debug|Any CPU
		{5524D3BB-368F-4A94-BA54-D7153697A9B0}.Release|Any CPU.ActiveCfg = Release|Any CPU
		{5524D3BB-368F-4A94-BA54-D7153697A9B0}.Release|Any CPU.Build.0 = Release|Any CPU
		{5524D3BB-368F-4A94-BA54-D7153697A9B0}.Release|x64.ActiveCfg = Release|Any CPU
		{5524D3BB-368F-4A94-BA54-D7153697A9B0}.Release|x64.Build.0 = Release|Any CPU
		{5524D3BB-368F-4A94-BA54-D7153697A9B0}.Release|x86.ActiveCfg = Release|Any CPU
		{5524D3BB-368F-4A94-BA54-D7153697A9B0}.Release|x86.Build.0 = Release|Any CPU
		{41442C85-AF4C-4FBD-8864-492573FB81CC}.Debug|Any CPU.ActiveCfg = Debug|Any CPU
		{41442C85-AF4C-4FBD-8864-492573FB81CC}.Debug|Any CPU.Build.0 = Debug|Any CPU
		{41442C85-AF4C-4FBD-8864-492573FB81CC}.Debug|x64.ActiveCfg = Debug|Any CPU
		{41442C85-AF4C-4FBD-8864-492573FB81CC}.Debug|x64.Build.0 = Debug|Any CPU
		{41442C85-AF4C-4FBD-8864-492573FB81CC}.Debug|x86.ActiveCfg = Debug|Any CPU
		{41442C85-AF4C-4FBD-8864-492573FB81CC}.Debug|x86.Build.0 = Debug|Any CPU
		{41442C85-AF4C-4FBD-8864-492573FB81CC}.Release|Any CPU.ActiveCfg = Release|Any CPU
		{41442C85-AF4C-4FBD-8864-492573FB81CC}.Release|Any CPU.Build.0 = Release|Any CPU
		{41442C85-AF4C-4FBD-8864-492573FB81CC}.Release|x64.ActiveCfg = Release|Any CPU
		{41442C85-AF4C-4FBD-8864-492573FB81CC}.Release|x64.Build.0 = Release|Any CPU
		{41442C85-AF4C-4FBD-8864-492573FB81CC}.Release|x86.ActiveCfg = Release|Any CPU
		{41442C85-AF4C-4FBD-8864-492573FB81CC}.Release|x86.Build.0 = Release|Any CPU
		{A2C3CE03-CD8B-4328-9A56-65E8B7A2439B}.Debug|Any CPU.ActiveCfg = Debug|Any CPU
		{A2C3CE03-CD8B-4328-9A56-65E8B7A2439B}.Debug|Any CPU.Build.0 = Debug|Any CPU
		{A2C3CE03-CD8B-4328-9A56-65E8B7A2439B}.Debug|x64.ActiveCfg = Debug|Any CPU
		{A2C3CE03-CD8B-4328-9A56-65E8B7A2439B}.Debug|x64.Build.0 = Debug|Any CPU
		{A2C3CE03-CD8B-4328-9A56-65E8B7A2439B}.Debug|x86.ActiveCfg = Debug|Any CPU
		{A2C3CE03-CD8B-4328-9A56-65E8B7A2439B}.Debug|x86.Build.0 = Debug|Any CPU
		{A2C3CE03-CD8B-4328-9A56-65E8B7A2439B}.Release|Any CPU.ActiveCfg = Release|Any CPU
		{A2C3CE03-CD8B-4328-9A56-65E8B7A2439B}.Release|Any CPU.Build.0 = Release|Any CPU
		{A2C3CE03-CD8B-4328-9A56-65E8B7A2439B}.Release|x64.ActiveCfg = Release|Any CPU
		{A2C3CE03-CD8B-4328-9A56-65E8B7A2439B}.Release|x64.Build.0 = Release|Any CPU
		{A2C3CE03-CD8B-4328-9A56-65E8B7A2439B}.Release|x86.ActiveCfg = Release|Any CPU
		{A2C3CE03-CD8B-4328-9A56-65E8B7A2439B}.Release|x86.Build.0 = Release|Any CPU
		{CEA8D25F-EDBA-4CE9-8D56-0781C0087326}.Debug|Any CPU.ActiveCfg = Debug|Any CPU
		{CEA8D25F-EDBA-4CE9-8D56-0781C0087326}.Debug|Any CPU.Build.0 = Debug|Any CPU
		{CEA8D25F-EDBA-4CE9-8D56-0781C0087326}.Debug|x64.ActiveCfg = Debug|Any CPU
		{CEA8D25F-EDBA-4CE9-8D56-0781C0087326}.Debug|x64.Build.0 = Debug|Any CPU
		{CEA8D25F-EDBA-4CE9-8D56-0781C0087326}.Debug|x86.ActiveCfg = Debug|Any CPU
		{CEA8D25F-EDBA-4CE9-8D56-0781C0087326}.Debug|x86.Build.0 = Debug|Any CPU
		{CEA8D25F-EDBA-4CE9-8D56-0781C0087326}.Release|Any CPU.ActiveCfg = Release|Any CPU
		{CEA8D25F-EDBA-4CE9-8D56-0781C0087326}.Release|Any CPU.Build.0 = Release|Any CPU
		{CEA8D25F-EDBA-4CE9-8D56-0781C0087326}.Release|x64.ActiveCfg = Release|Any CPU
		{CEA8D25F-EDBA-4CE9-8D56-0781C0087326}.Release|x64.Build.0 = Release|Any CPU
		{CEA8D25F-EDBA-4CE9-8D56-0781C0087326}.Release|x86.ActiveCfg = Release|Any CPU
		{CEA8D25F-EDBA-4CE9-8D56-0781C0087326}.Release|x86.Build.0 = Release|Any CPU
		{4BD138EB-DB0F-48AE-8DC1-51E2B03E8DB6}.Debug|Any CPU.ActiveCfg = Debug|Any CPU
		{4BD138EB-DB0F-48AE-8DC1-51E2B03E8DB6}.Debug|Any CPU.Build.0 = Debug|Any CPU
		{4BD138EB-DB0F-48AE-8DC1-51E2B03E8DB6}.Debug|x64.ActiveCfg = Debug|Any CPU
		{4BD138EB-DB0F-48AE-8DC1-51E2B03E8DB6}.Debug|x64.Build.0 = Debug|Any CPU
		{4BD138EB-DB0F-48AE-8DC1-51E2B03E8DB6}.Debug|x86.ActiveCfg = Debug|Any CPU
		{4BD138EB-DB0F-48AE-8DC1-51E2B03E8DB6}.Debug|x86.Build.0 = Debug|Any CPU
		{4BD138EB-DB0F-48AE-8DC1-51E2B03E8DB6}.Release|Any CPU.ActiveCfg = Release|Any CPU
		{4BD138EB-DB0F-48AE-8DC1-51E2B03E8DB6}.Release|Any CPU.Build.0 = Release|Any CPU
		{4BD138EB-DB0F-48AE-8DC1-51E2B03E8DB6}.Release|x64.ActiveCfg = Release|Any CPU
		{4BD138EB-DB0F-48AE-8DC1-51E2B03E8DB6}.Release|x64.Build.0 = Release|Any CPU
		{4BD138EB-DB0F-48AE-8DC1-51E2B03E8DB6}.Release|x86.ActiveCfg = Release|Any CPU
		{4BD138EB-DB0F-48AE-8DC1-51E2B03E8DB6}.Release|x86.Build.0 = Release|Any CPU
		{99664BAC-01AD-4877-B7F8-2F6553AC6F06}.Debug|Any CPU.ActiveCfg = Debug|Any CPU
		{99664BAC-01AD-4877-B7F8-2F6553AC6F06}.Debug|Any CPU.Build.0 = Debug|Any CPU
		{99664BAC-01AD-4877-B7F8-2F6553AC6F06}.Debug|x64.ActiveCfg = Debug|Any CPU
		{99664BAC-01AD-4877-B7F8-2F6553AC6F06}.Debug|x64.Build.0 = Debug|Any CPU
		{99664BAC-01AD-4877-B7F8-2F6553AC6F06}.Debug|x86.ActiveCfg = Debug|Any CPU
		{99664BAC-01AD-4877-B7F8-2F6553AC6F06}.Debug|x86.Build.0 = Debug|Any CPU
		{99664BAC-01AD-4877-B7F8-2F6553AC6F06}.Release|Any CPU.ActiveCfg = Release|Any CPU
		{99664BAC-01AD-4877-B7F8-2F6553AC6F06}.Release|Any CPU.Build.0 = Release|Any CPU
		{99664BAC-01AD-4877-B7F8-2F6553AC6F06}.Release|x64.ActiveCfg = Release|Any CPU
		{99664BAC-01AD-4877-B7F8-2F6553AC6F06}.Release|x64.Build.0 = Release|Any CPU
		{99664BAC-01AD-4877-B7F8-2F6553AC6F06}.Release|x86.ActiveCfg = Release|Any CPU
		{99664BAC-01AD-4877-B7F8-2F6553AC6F06}.Release|x86.Build.0 = Release|Any CPU
		{5A16B85F-1F01-4F4A-8FEE-4591469D8E0D}.Debug|Any CPU.ActiveCfg = Debug|Any CPU
		{5A16B85F-1F01-4F4A-8FEE-4591469D8E0D}.Debug|Any CPU.Build.0 = Debug|Any CPU
		{5A16B85F-1F01-4F4A-8FEE-4591469D8E0D}.Debug|x64.ActiveCfg = Debug|Any CPU
		{5A16B85F-1F01-4F4A-8FEE-4591469D8E0D}.Debug|x64.Build.0 = Debug|Any CPU
		{5A16B85F-1F01-4F4A-8FEE-4591469D8E0D}.Debug|x86.ActiveCfg = Debug|Any CPU
		{5A16B85F-1F01-4F4A-8FEE-4591469D8E0D}.Debug|x86.Build.0 = Debug|Any CPU
		{5A16B85F-1F01-4F4A-8FEE-4591469D8E0D}.Release|Any CPU.ActiveCfg = Release|Any CPU
		{5A16B85F-1F01-4F4A-8FEE-4591469D8E0D}.Release|Any CPU.Build.0 = Release|Any CPU
		{5A16B85F-1F01-4F4A-8FEE-4591469D8E0D}.Release|x64.ActiveCfg = Release|Any CPU
		{5A16B85F-1F01-4F4A-8FEE-4591469D8E0D}.Release|x64.Build.0 = Release|Any CPU
		{5A16B85F-1F01-4F4A-8FEE-4591469D8E0D}.Release|x86.ActiveCfg = Release|Any CPU
		{5A16B85F-1F01-4F4A-8FEE-4591469D8E0D}.Release|x86.Build.0 = Release|Any CPU
		{07D2E098-5940-492B-BD9A-8234DF3061D9}.Debug|Any CPU.ActiveCfg = Debug|Any CPU
		{07D2E098-5940-492B-BD9A-8234DF3061D9}.Debug|Any CPU.Build.0 = Debug|Any CPU
		{07D2E098-5940-492B-BD9A-8234DF3061D9}.Debug|x64.ActiveCfg = Debug|Any CPU
		{07D2E098-5940-492B-BD9A-8234DF3061D9}.Debug|x64.Build.0 = Debug|Any CPU
		{07D2E098-5940-492B-BD9A-8234DF3061D9}.Debug|x86.ActiveCfg = Debug|Any CPU
		{07D2E098-5940-492B-BD9A-8234DF3061D9}.Debug|x86.Build.0 = Debug|Any CPU
		{07D2E098-5940-492B-BD9A-8234DF3061D9}.Release|Any CPU.ActiveCfg = Release|Any CPU
		{07D2E098-5940-492B-BD9A-8234DF3061D9}.Release|Any CPU.Build.0 = Release|Any CPU
		{07D2E098-5940-492B-BD9A-8234DF3061D9}.Release|x64.ActiveCfg = Release|Any CPU
		{07D2E098-5940-492B-BD9A-8234DF3061D9}.Release|x64.Build.0 = Release|Any CPU
		{07D2E098-5940-492B-BD9A-8234DF3061D9}.Release|x86.ActiveCfg = Release|Any CPU
		{07D2E098-5940-492B-BD9A-8234DF3061D9}.Release|x86.Build.0 = Release|Any CPU
		{67E8C947-A72C-4452-9E2C-831D5DA79A72}.Debug|Any CPU.ActiveCfg = Debug|Any CPU
		{67E8C947-A72C-4452-9E2C-831D5DA79A72}.Debug|Any CPU.Build.0 = Debug|Any CPU
		{67E8C947-A72C-4452-9E2C-831D5DA79A72}.Debug|x64.ActiveCfg = Debug|Any CPU
		{67E8C947-A72C-4452-9E2C-831D5DA79A72}.Debug|x64.Build.0 = Debug|Any CPU
		{67E8C947-A72C-4452-9E2C-831D5DA79A72}.Debug|x86.ActiveCfg = Debug|Any CPU
		{67E8C947-A72C-4452-9E2C-831D5DA79A72}.Debug|x86.Build.0 = Debug|Any CPU
		{67E8C947-A72C-4452-9E2C-831D5DA79A72}.Release|Any CPU.ActiveCfg = Release|Any CPU
		{67E8C947-A72C-4452-9E2C-831D5DA79A72}.Release|Any CPU.Build.0 = Release|Any CPU
		{67E8C947-A72C-4452-9E2C-831D5DA79A72}.Release|x64.ActiveCfg = Release|Any CPU
		{67E8C947-A72C-4452-9E2C-831D5DA79A72}.Release|x64.Build.0 = Release|Any CPU
		{67E8C947-A72C-4452-9E2C-831D5DA79A72}.Release|x86.ActiveCfg = Release|Any CPU
		{67E8C947-A72C-4452-9E2C-831D5DA79A72}.Release|x86.Build.0 = Release|Any CPU
		{2C6376C6-39D2-4A58-A134-A61624A5E785}.Debug|Any CPU.ActiveCfg = Debug|Any CPU
		{2C6376C6-39D2-4A58-A134-A61624A5E785}.Debug|Any CPU.Build.0 = Debug|Any CPU
		{2C6376C6-39D2-4A58-A134-A61624A5E785}.Debug|x64.ActiveCfg = Debug|Any CPU
		{2C6376C6-39D2-4A58-A134-A61624A5E785}.Debug|x64.Build.0 = Debug|Any CPU
		{2C6376C6-39D2-4A58-A134-A61624A5E785}.Debug|x86.ActiveCfg = Debug|Any CPU
		{2C6376C6-39D2-4A58-A134-A61624A5E785}.Debug|x86.Build.0 = Debug|Any CPU
		{2C6376C6-39D2-4A58-A134-A61624A5E785}.Release|Any CPU.ActiveCfg = Release|Any CPU
		{2C6376C6-39D2-4A58-A134-A61624A5E785}.Release|Any CPU.Build.0 = Release|Any CPU
		{2C6376C6-39D2-4A58-A134-A61624A5E785}.Release|x64.ActiveCfg = Release|Any CPU
		{2C6376C6-39D2-4A58-A134-A61624A5E785}.Release|x64.Build.0 = Release|Any CPU
		{2C6376C6-39D2-4A58-A134-A61624A5E785}.Release|x86.ActiveCfg = Release|Any CPU
		{2C6376C6-39D2-4A58-A134-A61624A5E785}.Release|x86.Build.0 = Release|Any CPU
	EndGlobalSection
	GlobalSection(SolutionProperties) = preSolution
		HideSolutionNode = FALSE
	EndGlobalSection
	GlobalSection(NestedProjects) = preSolution
		{688E1ACE-252F-46B7-9986-14711CDA7123} = {1CC8D59D-A90B-409C-91CB-592D23BD4F2D}
		{0E30F307-EF9D-4871-90EC-471EEF3C6FFC} = {1CC8D59D-A90B-409C-91CB-592D23BD4F2D}
		{1DEEF5BB-BA69-458F-9BFE-A6E7E8EBB067} = {1CC8D59D-A90B-409C-91CB-592D23BD4F2D}
		{D25404B7-535D-4BD4-BE98-E9E885CF3C94} = {1CC8D59D-A90B-409C-91CB-592D23BD4F2D}
		{5524D3BB-368F-4A94-BA54-D7153697A9B0} = {1CC8D59D-A90B-409C-91CB-592D23BD4F2D}
		{41442C85-AF4C-4FBD-8864-492573FB81CC} = {1CC8D59D-A90B-409C-91CB-592D23BD4F2D}
		{A2C3CE03-CD8B-4328-9A56-65E8B7A2439B} = {98DA4C96-105E-4061-97A5-EC1017862163}
		{CEA8D25F-EDBA-4CE9-8D56-0781C0087326} = {98DA4C96-105E-4061-97A5-EC1017862163}
		{4BD138EB-DB0F-48AE-8DC1-51E2B03E8DB6} = {98DA4C96-105E-4061-97A5-EC1017862163}
		{99664BAC-01AD-4877-B7F8-2F6553AC6F06} = {98DA4C96-105E-4061-97A5-EC1017862163}
		{5A16B85F-1F01-4F4A-8FEE-4591469D8E0D} = {1CC8D59D-A90B-409C-91CB-592D23BD4F2D}
		{07D2E098-5940-492B-BD9A-8234DF3061D9} = {1CC8D59D-A90B-409C-91CB-592D23BD4F2D}
		{67E8C947-A72C-4452-9E2C-831D5DA79A72} = {98DA4C96-105E-4061-97A5-EC1017862163}
		{2C6376C6-39D2-4A58-A134-A61624A5E785} = {98DA4C96-105E-4061-97A5-EC1017862163}
	EndGlobalSection
	GlobalSection(ExtensibilityGlobals) = postSolution
		SolutionGuid = {5B5688FD-C325-4503-B413-F7CB8F32B263}
	EndGlobalSection
EndGlobal
