
Microsoft Visual Studio Solution File, Format Version 12.00
# Visual Studio 14
VisualStudioVersion = 14.0.25420.1
MinimumVisualStudioVersion = 10.0.40219.1
Project("{8BB2217D-0F2D-49D1-97BC-3654ED321F3B}") = "VIC.DataAccess", "src\VIC.DataAccess\VIC.DataAccess.xproj", "{74CA49D7-1DFD-439E-8CF0-B7415EFBFDE9}"
EndProject
Project("{8BB2217D-0F2D-49D1-97BC-3654ED321F3B}") = "VIC.DataAccess.SQLite", "src\VIC.DataAccess.Sqlite\VIC.DataAccess.SQLite.xproj", "{9D67E04F-F89B-4968-A798-CC8CF34CECE9}"
EndProject
Project("{8BB2217D-0F2D-49D1-97BC-3654ED321F3B}") = "VIC.DataAccess.PostgreSQL", "src\VIC.DataAccess.PostgreSQL\VIC.DataAccess.PostgreSQL.xproj", "{3ABE5689-DEE0-460F-8C63-F9B4E3597CEF}"
EndProject
Project("{8BB2217D-0F2D-49D1-97BC-3654ED321F3B}") = "VIC.DataAccess.MSSql", "src\VIC.DataAccess.MSSql\VIC.DataAccess.MSSql.xproj", "{0847F501-E6B1-4D02-BF46-595CB1307151}"
EndProject
Project("{8BB2217D-0F2D-49D1-97BC-3654ED321F3B}") = "VIC.DataAccess.MySql", "src\VIC.DataAccess.MySql\VIC.DataAccess.MySql.xproj", "{1CFF6AF8-857A-4755-BF9E-FF61D1F38574}"
EndProject
Project("{2150E333-8FDC-42A3-9474-1A3956D46DE8}") = "src", "src", "{C9076DFE-3A69-4717-A7D1-FDB47C4175E5}"
EndProject
Project("{8BB2217D-0F2D-49D1-97BC-3654ED321F3B}") = "VIC.ObjectConfig", "src\VIC.ObjectConfig\VIC.ObjectConfig.xproj", "{5A3D25CC-44F1-4F18-9DAD-20478A29C42D}"
EndProject
Project("{8BB2217D-0F2D-49D1-97BC-3654ED321F3B}") = "VIC.DataAccess.Config", "src\VIC.DataAccess.Config\VIC.DataAccess.Config.xproj", "{62EAC29A-E338-4218-9906-63CDC4F24417}"
EndProject
Project("{2150E333-8FDC-42A3-9474-1A3956D46DE8}") = "test", "test", "{6B45F546-6FC0-4304-8E05-4BC6917A8191}"
EndProject
Project("{8BB2217D-0F2D-49D1-97BC-3654ED321F3B}") = "UT.VIC.DataAccess", "test\UT.VIC.DataAccess\UT.VIC.DataAccess.xproj", "{320DED7F-1EA2-4094-8AD7-E3CDE166027A}"
EndProject
Project("{8BB2217D-0F2D-49D1-97BC-3654ED321F3B}") = "UT.VIC.ObjectConfig", "test\UT.VIC.ObjectConfig\UT.VIC.ObjectConfig.xproj", "{0F10A98A-C730-4BA4-9D81-2EAC49FFFAE7}"
EndProject
Project("{8BB2217D-0F2D-49D1-97BC-3654ED321F3B}") = "UT.VIC.DataAccess.Config", "test\UT.VIC.DataAccess.Config\UT.VIC.DataAccess.Config.xproj", "{5DDE4E96-B3E9-4C2B-9730-7ED42085F32F}"
EndProject
Global
	GlobalSection(SolutionConfigurationPlatforms) = preSolution
		Debug|Any CPU = Debug|Any CPU
		Release|Any CPU = Release|Any CPU
	EndGlobalSection
	GlobalSection(ProjectConfigurationPlatforms) = postSolution
		{74CA49D7-1DFD-439E-8CF0-B7415EFBFDE9}.Debug|Any CPU.ActiveCfg = Debug|Any CPU
		{74CA49D7-1DFD-439E-8CF0-B7415EFBFDE9}.Debug|Any CPU.Build.0 = Debug|Any CPU
		{74CA49D7-1DFD-439E-8CF0-B7415EFBFDE9}.Release|Any CPU.ActiveCfg = Release|Any CPU
		{74CA49D7-1DFD-439E-8CF0-B7415EFBFDE9}.Release|Any CPU.Build.0 = Release|Any CPU
		{9D67E04F-F89B-4968-A798-CC8CF34CECE9}.Debug|Any CPU.ActiveCfg = Debug|Any CPU
		{9D67E04F-F89B-4968-A798-CC8CF34CECE9}.Debug|Any CPU.Build.0 = Debug|Any CPU
		{9D67E04F-F89B-4968-A798-CC8CF34CECE9}.Release|Any CPU.ActiveCfg = Release|Any CPU
		{9D67E04F-F89B-4968-A798-CC8CF34CECE9}.Release|Any CPU.Build.0 = Release|Any CPU
		{3ABE5689-DEE0-460F-8C63-F9B4E3597CEF}.Debug|Any CPU.ActiveCfg = Debug|Any CPU
		{3ABE5689-DEE0-460F-8C63-F9B4E3597CEF}.Debug|Any CPU.Build.0 = Debug|Any CPU
		{3ABE5689-DEE0-460F-8C63-F9B4E3597CEF}.Release|Any CPU.ActiveCfg = Release|Any CPU
		{3ABE5689-DEE0-460F-8C63-F9B4E3597CEF}.Release|Any CPU.Build.0 = Release|Any CPU
		{0847F501-E6B1-4D02-BF46-595CB1307151}.Debug|Any CPU.ActiveCfg = Debug|Any CPU
		{0847F501-E6B1-4D02-BF46-595CB1307151}.Debug|Any CPU.Build.0 = Debug|Any CPU
		{0847F501-E6B1-4D02-BF46-595CB1307151}.Release|Any CPU.ActiveCfg = Release|Any CPU
		{0847F501-E6B1-4D02-BF46-595CB1307151}.Release|Any CPU.Build.0 = Release|Any CPU
		{1CFF6AF8-857A-4755-BF9E-FF61D1F38574}.Debug|Any CPU.ActiveCfg = Debug|Any CPU
		{1CFF6AF8-857A-4755-BF9E-FF61D1F38574}.Debug|Any CPU.Build.0 = Debug|Any CPU
		{1CFF6AF8-857A-4755-BF9E-FF61D1F38574}.Release|Any CPU.ActiveCfg = Release|Any CPU
		{1CFF6AF8-857A-4755-BF9E-FF61D1F38574}.Release|Any CPU.Build.0 = Release|Any CPU
		{5A3D25CC-44F1-4F18-9DAD-20478A29C42D}.Debug|Any CPU.ActiveCfg = Debug|Any CPU
		{5A3D25CC-44F1-4F18-9DAD-20478A29C42D}.Debug|Any CPU.Build.0 = Debug|Any CPU
		{5A3D25CC-44F1-4F18-9DAD-20478A29C42D}.Release|Any CPU.ActiveCfg = Release|Any CPU
		{5A3D25CC-44F1-4F18-9DAD-20478A29C42D}.Release|Any CPU.Build.0 = Release|Any CPU
		{62EAC29A-E338-4218-9906-63CDC4F24417}.Debug|Any CPU.ActiveCfg = Debug|Any CPU
		{62EAC29A-E338-4218-9906-63CDC4F24417}.Debug|Any CPU.Build.0 = Debug|Any CPU
		{62EAC29A-E338-4218-9906-63CDC4F24417}.Release|Any CPU.ActiveCfg = Release|Any CPU
		{62EAC29A-E338-4218-9906-63CDC4F24417}.Release|Any CPU.Build.0 = Release|Any CPU
		{320DED7F-1EA2-4094-8AD7-E3CDE166027A}.Debug|Any CPU.ActiveCfg = Debug|Any CPU
		{320DED7F-1EA2-4094-8AD7-E3CDE166027A}.Debug|Any CPU.Build.0 = Debug|Any CPU
		{320DED7F-1EA2-4094-8AD7-E3CDE166027A}.Release|Any CPU.ActiveCfg = Release|Any CPU
		{320DED7F-1EA2-4094-8AD7-E3CDE166027A}.Release|Any CPU.Build.0 = Release|Any CPU
		{0F10A98A-C730-4BA4-9D81-2EAC49FFFAE7}.Debug|Any CPU.ActiveCfg = Debug|Any CPU
		{0F10A98A-C730-4BA4-9D81-2EAC49FFFAE7}.Debug|Any CPU.Build.0 = Debug|Any CPU
		{0F10A98A-C730-4BA4-9D81-2EAC49FFFAE7}.Release|Any CPU.ActiveCfg = Release|Any CPU
		{0F10A98A-C730-4BA4-9D81-2EAC49FFFAE7}.Release|Any CPU.Build.0 = Release|Any CPU
		{5DDE4E96-B3E9-4C2B-9730-7ED42085F32F}.Debug|Any CPU.ActiveCfg = Debug|Any CPU
		{5DDE4E96-B3E9-4C2B-9730-7ED42085F32F}.Debug|Any CPU.Build.0 = Debug|Any CPU
		{5DDE4E96-B3E9-4C2B-9730-7ED42085F32F}.Release|Any CPU.ActiveCfg = Release|Any CPU
		{5DDE4E96-B3E9-4C2B-9730-7ED42085F32F}.Release|Any CPU.Build.0 = Release|Any CPU
	EndGlobalSection
	GlobalSection(SolutionProperties) = preSolution
		HideSolutionNode = FALSE
	EndGlobalSection
	GlobalSection(NestedProjects) = preSolution
		{74CA49D7-1DFD-439E-8CF0-B7415EFBFDE9} = {C9076DFE-3A69-4717-A7D1-FDB47C4175E5}
		{9D67E04F-F89B-4968-A798-CC8CF34CECE9} = {C9076DFE-3A69-4717-A7D1-FDB47C4175E5}
		{3ABE5689-DEE0-460F-8C63-F9B4E3597CEF} = {C9076DFE-3A69-4717-A7D1-FDB47C4175E5}
		{0847F501-E6B1-4D02-BF46-595CB1307151} = {C9076DFE-3A69-4717-A7D1-FDB47C4175E5}
		{1CFF6AF8-857A-4755-BF9E-FF61D1F38574} = {C9076DFE-3A69-4717-A7D1-FDB47C4175E5}
		{5A3D25CC-44F1-4F18-9DAD-20478A29C42D} = {C9076DFE-3A69-4717-A7D1-FDB47C4175E5}
		{62EAC29A-E338-4218-9906-63CDC4F24417} = {C9076DFE-3A69-4717-A7D1-FDB47C4175E5}
		{320DED7F-1EA2-4094-8AD7-E3CDE166027A} = {6B45F546-6FC0-4304-8E05-4BC6917A8191}
		{0F10A98A-C730-4BA4-9D81-2EAC49FFFAE7} = {6B45F546-6FC0-4304-8E05-4BC6917A8191}
		{5DDE4E96-B3E9-4C2B-9730-7ED42085F32F} = {6B45F546-6FC0-4304-8E05-4BC6917A8191}
	EndGlobalSection
EndGlobal
